
Microsoft Visual Studio Solution File, Format Version 12.00
# Visual Studio Version 16
VisualStudioVersion = 16.0.31605.320
MinimumVisualStudioVersion = 10.0.40219.1
Project("{FAE04EC0-301F-11D3-BF4B-00C04F79EFBC}") = "tododataji.Common", "tododataji.Common\tododataji.Common.csproj", "{37C3BC53-4835-4F08-81F1-DB06491AB94E}"
EndProject
Project("{FAE04EC0-301F-11D3-BF4B-00C04F79EFBC}") = "tododataji.Functions", "tododataji.Functions\tododataji.Functions.csproj", "{62436660-2CD4-49D2-A918-C110E3F3C800}"
EndProject
Project("{FAE04EC0-301F-11D3-BF4B-00C04F79EFBC}") = "tododataji.Test", "tododataji.Test\tododataji.Test.csproj", "{6D44FF6C-7416-4217-860E-CD7BB39FBBF1}"
EndProject
Global
	GlobalSection(SolutionConfigurationPlatforms) = preSolution
		Debug|Any CPU = Debug|Any CPU
		Release|Any CPU = Release|Any CPU
	EndGlobalSection
	GlobalSection(ProjectConfigurationPlatforms) = postSolution
		{37C3BC53-4835-4F08-81F1-DB06491AB94E}.Debug|Any CPU.ActiveCfg = Debug|Any CPU
		{37C3BC53-4835-4F08-81F1-DB06491AB94E}.Debug|Any CPU.Build.0 = Debug|Any CPU
		{37C3BC53-4835-4F08-81F1-DB06491AB94E}.Release|Any CPU.ActiveCfg = Release|Any CPU
		{37C3BC53-4835-4F08-81F1-DB06491AB94E}.Release|Any CPU.Build.0 = Release|Any CPU
		{62436660-2CD4-49D2-A918-C110E3F3C800}.Debug|Any CPU.ActiveCfg = Debug|Any CPU
		{62436660-2CD4-49D2-A918-C110E3F3C800}.Debug|Any CPU.Build.0 = Debug|Any CPU
		{62436660-2CD4-49D2-A918-C110E3F3C800}.Release|Any CPU.ActiveCfg = Release|Any CPU
		{62436660-2CD4-49D2-A918-C110E3F3C800}.Release|Any CPU.Build.0 = Release|Any CPU
		{6D44FF6C-7416-4217-860E-CD7BB39FBBF1}.Debug|Any CPU.ActiveCfg = Debug|Any CPU
		{6D44FF6C-7416-4217-860E-CD7BB39FBBF1}.Debug|Any CPU.Build.0 = Debug|Any CPU
		{6D44FF6C-7416-4217-860E-CD7BB39FBBF1}.Release|Any CPU.ActiveCfg = Release|Any CPU
		{6D44FF6C-7416-4217-860E-CD7BB39FBBF1}.Release|Any CPU.Build.0 = Release|Any CPU
	EndGlobalSection
	GlobalSection(SolutionProperties) = preSolution
		HideSolutionNode = FALSE
	EndGlobalSection
	GlobalSection(ExtensibilityGlobals) = postSolution
		SolutionGuid = {3C37549F-F81E-4D97-83DC-9C60CB963C8B}
	EndGlobalSection
EndGlobal
